
Microsoft Visual Studio Solution File, Format Version 12.00
# Visual Studio Version 17
VisualStudioVersion = 17.0.32112.339
MinimumVisualStudioVersion = 10.0.40219.1
Project("{9A19103F-16F7-4668-BE54-9A1E7A4F7556}") = "Identity.API", "src\Identity\Identity.API\Identity.API.csproj", "{8455223E-6A22-4930-81C0-AEABEDF98B21}"
EndProject
Project("{FAE04EC0-301F-11D3-BF4B-00C04F79EFBC}") = "Identity.Application", "src\Identity\Identity.Application\Identity.Application.csproj", "{77A6793D-BE06-499E-818E-B401728E72DD}"
EndProject
Project("{FAE04EC0-301F-11D3-BF4B-00C04F79EFBC}") = "Identity.Infrastructure", "src\Identity\Identity.Infrastructure\Identity.Infrastructure.csproj", "{F1161AF1-DBE3-43E3-A412-CBD98DFA0468}"
EndProject
Project("{FAE04EC0-301F-11D3-BF4B-00C04F79EFBC}") = "Identity.Domain", "src\Identity\Identity.Domain\Identity.Domain.csproj", "{06BD5403-834B-4E33-97F9-2B2F549A3BA4}"
EndProject
Global
	GlobalSection(SolutionConfigurationPlatforms) = preSolution
		Debug|Any CPU = Debug|Any CPU
		Release|Any CPU = Release|Any CPU
	EndGlobalSection
	GlobalSection(ProjectConfigurationPlatforms) = postSolution
		{8455223E-6A22-4930-81C0-AEABEDF98B21}.Debug|Any CPU.ActiveCfg = Debug|Any CPU
		{8455223E-6A22-4930-81C0-AEABEDF98B21}.Debug|Any CPU.Build.0 = Debug|Any CPU
		{8455223E-6A22-4930-81C0-AEABEDF98B21}.Release|Any CPU.ActiveCfg = Release|Any CPU
		{8455223E-6A22-4930-81C0-AEABEDF98B21}.Release|Any CPU.Build.0 = Release|Any CPU
		{77A6793D-BE06-499E-818E-B401728E72DD}.Debug|Any CPU.ActiveCfg = Debug|Any CPU
		{77A6793D-BE06-499E-818E-B401728E72DD}.Debug|Any CPU.Build.0 = Debug|Any CPU
		{77A6793D-BE06-499E-818E-B401728E72DD}.Release|Any CPU.ActiveCfg = Release|Any CPU
		{77A6793D-BE06-499E-818E-B401728E72DD}.Release|Any CPU.Build.0 = Release|Any CPU
		{F1161AF1-DBE3-43E3-A412-CBD98DFA0468}.Debug|Any CPU.ActiveCfg = Debug|Any CPU
		{F1161AF1-DBE3-43E3-A412-CBD98DFA0468}.Debug|Any CPU.Build.0 = Debug|Any CPU
		{F1161AF1-DBE3-43E3-A412-CBD98DFA0468}.Release|Any CPU.ActiveCfg = Release|Any CPU
		{F1161AF1-DBE3-43E3-A412-CBD98DFA0468}.Release|Any CPU.Build.0 = Release|Any CPU
		{06BD5403-834B-4E33-97F9-2B2F549A3BA4}.Debug|Any CPU.ActiveCfg = Debug|Any CPU
		{06BD5403-834B-4E33-97F9-2B2F549A3BA4}.Debug|Any CPU.Build.0 = Debug|Any CPU
		{06BD5403-834B-4E33-97F9-2B2F549A3BA4}.Release|Any CPU.ActiveCfg = Release|Any CPU
		{06BD5403-834B-4E33-97F9-2B2F549A3BA4}.Release|Any CPU.Build.0 = Release|Any CPU
	EndGlobalSection
	GlobalSection(SolutionProperties) = preSolution
		HideSolutionNode = FALSE
	EndGlobalSection
	GlobalSection(ExtensibilityGlobals) = postSolution
		SolutionGuid = {62C568CC-E13C-4259-9511-E5F582018F53}
	EndGlobalSection
EndGlobal
